%{"floki": {:hex, :floki, "0.17.2", "81b3a39d85f5cae39c8da16236ce152f7f8f50faf84b480ba53351d7e96ca6ca", [:mix], [{:mochiweb, "~> 2.15", [hex: :mochiweb, optional: false]}]},
  "mochiweb": {:hex, :mochiweb, "2.15.0", "e1daac474df07651e5d17cc1e642c4069c7850dc4508d3db7263a0651330aacc", [:rebar3], []}}
